
Microsoft Visual Studio Solution File, Format Version 12.00
# Visual Studio Version 17
VisualStudioVersion = 17.2.32602.215
MinimumVisualStudioVersion = 10.0.40219.1
Project("{FAE04EC0-301F-11D3-BF4B-00C04F79EFBC}") = "Clinica.API", "Clinica.API\Clinica.API.csproj", "{6376DAB3-CB3A-4F74-AC0B-1C8AEF92A943}"
EndProject
Project("{FAE04EC0-301F-11D3-BF4B-00C04F79EFBC}") = "Clinica.Data", "Clinica.Data\Clinica.Data.csproj", "{FC613FD7-0B37-40EA-84A6-1213DA4571DC}"
EndProject
Global
	GlobalSection(SolutionConfigurationPlatforms) = preSolution
		Debug|Any CPU = Debug|Any CPU
		Release|Any CPU = Release|Any CPU
	EndGlobalSection
	GlobalSection(ProjectConfigurationPlatforms) = postSolution
		{6376DAB3-CB3A-4F74-AC0B-1C8AEF92A943}.Debug|Any CPU.ActiveCfg = Debug|Any CPU
		{6376DAB3-CB3A-4F74-AC0B-1C8AEF92A943}.Debug|Any CPU.Build.0 = Debug|Any CPU
		{6376DAB3-CB3A-4F74-AC0B-1C8AEF92A943}.Release|Any CPU.ActiveCfg = Release|Any CPU
		{6376DAB3-CB3A-4F74-AC0B-1C8AEF92A943}.Release|Any CPU.Build.0 = Release|Any CPU
		{FC613FD7-0B37-40EA-84A6-1213DA4571DC}.Debug|Any CPU.ActiveCfg = Debug|Any CPU
		{FC613FD7-0B37-40EA-84A6-1213DA4571DC}.Debug|Any CPU.Build.0 = Debug|Any CPU
		{FC613FD7-0B37-40EA-84A6-1213DA4571DC}.Release|Any CPU.ActiveCfg = Release|Any CPU
		{FC613FD7-0B37-40EA-84A6-1213DA4571DC}.Release|Any CPU.Build.0 = Release|Any CPU
	EndGlobalSection
	GlobalSection(SolutionProperties) = preSolution
		HideSolutionNode = FALSE
	EndGlobalSection
	GlobalSection(ExtensibilityGlobals) = postSolution
		SolutionGuid = {ECE178B9-9A35-4A27-B391-44A4FCC92DCE}
	EndGlobalSection
EndGlobal
